
Microsoft Visual Studio Solution File, Format Version 12.00
# Visual Studio 15
VisualStudioVersion = 15.0.28307.645
MinimumVisualStudioVersion = 10.0.40219.1
Project("{9A19103F-16F7-4668-BE54-9A1E7A4F7556}") = "NetCoreMQTTExampleJsonConfigHashedPasswords", "NetCoreMQTTExampleJsonConfigHashedPasswords\NetCoreMQTTExampleJsonConfigHashedPasswords.csproj", "{FBBE4C77-5DB8-4B9A-8098-620DC967FFE0}"
EndProject
Project("{9A19103F-16F7-4668-BE54-9A1E7A4F7556}") = "TopicCheckerTest", "TopicCheckerTest\TopicCheckerTest.csproj", "{F30566CF-2D27-47EA-8185-66F33AA2F4DD}"
EndProject
Project("{9A19103F-16F7-4668-BE54-9A1E7A4F7556}") = "Hashing", "Hashing\Hashing.csproj", "{8050A61E-0CE4-4BBE-9389-EBC0A08694D4}"
EndProject
Project("{9A19103F-16F7-4668-BE54-9A1E7A4F7556}") = "CreateHashes", "CreateHashes\CreateHashes.csproj", "{770EA4BB-5A7C-4D77-A3B9-3AA24A3A13F1}"
EndProject
Global
	GlobalSection(SolutionConfigurationPlatforms) = preSolution
		Debug|Any CPU = Debug|Any CPU
		Release|Any CPU = Release|Any CPU
	EndGlobalSection
	GlobalSection(ProjectConfigurationPlatforms) = postSolution
		{FBBE4C77-5DB8-4B9A-8098-620DC967FFE0}.Debug|Any CPU.ActiveCfg = Debug|Any CPU
		{FBBE4C77-5DB8-4B9A-8098-620DC967FFE0}.Debug|Any CPU.Build.0 = Debug|Any CPU
		{FBBE4C77-5DB8-4B9A-8098-620DC967FFE0}.Release|Any CPU.ActiveCfg = Release|Any CPU
		{FBBE4C77-5DB8-4B9A-8098-620DC967FFE0}.Release|Any CPU.Build.0 = Release|Any CPU
		{F30566CF-2D27-47EA-8185-66F33AA2F4DD}.Debug|Any CPU.ActiveCfg = Debug|Any CPU
		{F30566CF-2D27-47EA-8185-66F33AA2F4DD}.Debug|Any CPU.Build.0 = Debug|Any CPU
		{F30566CF-2D27-47EA-8185-66F33AA2F4DD}.Release|Any CPU.ActiveCfg = Release|Any CPU
		{F30566CF-2D27-47EA-8185-66F33AA2F4DD}.Release|Any CPU.Build.0 = Release|Any CPU
		{8050A61E-0CE4-4BBE-9389-EBC0A08694D4}.Debug|Any CPU.ActiveCfg = Debug|Any CPU
		{8050A61E-0CE4-4BBE-9389-EBC0A08694D4}.Debug|Any CPU.Build.0 = Debug|Any CPU
		{8050A61E-0CE4-4BBE-9389-EBC0A08694D4}.Release|Any CPU.ActiveCfg = Release|Any CPU
		{8050A61E-0CE4-4BBE-9389-EBC0A08694D4}.Release|Any CPU.Build.0 = Release|Any CPU
		{770EA4BB-5A7C-4D77-A3B9-3AA24A3A13F1}.Debug|Any CPU.ActiveCfg = Debug|Any CPU
		{770EA4BB-5A7C-4D77-A3B9-3AA24A3A13F1}.Debug|Any CPU.Build.0 = Debug|Any CPU
		{770EA4BB-5A7C-4D77-A3B9-3AA24A3A13F1}.Release|Any CPU.ActiveCfg = Release|Any CPU
		{770EA4BB-5A7C-4D77-A3B9-3AA24A3A13F1}.Release|Any CPU.Build.0 = Release|Any CPU
	EndGlobalSection
	GlobalSection(SolutionProperties) = preSolution
		HideSolutionNode = FALSE
	EndGlobalSection
	GlobalSection(ExtensibilityGlobals) = postSolution
		SolutionGuid = {E92334B7-0EB4-44BB-9B8D-51BB2DB7B73B}
	EndGlobalSection
EndGlobal
